// !$*UTF8*$!
{
	archiveVersion = 1;
	classes = {
	};
	objectVersion = 56;
	objects = {

/* Begin PBXBuildFile section */
		1183A6142BA0F5CC00017D46 /* SkeletonLoadApp.swift in Sources */ = {isa = PBXBuildFile; fileRef = 1183A6132BA0F5CC00017D46 /* SkeletonLoadApp.swift */; };
		1183A6162BA0F5CC00017D46 /* ContentView.swift in Sources */ = {isa = PBXBuildFile; fileRef = 1183A6152BA0F5CC00017D46 /* ContentView.swift */; };
		1183A6182BA0F5D100017D46 /* Assets.xcassets in Resources */ = {isa = PBXBuildFile; fileRef = 1183A6172BA0F5D100017D46 /* Assets.xcassets */; };
		1183A61B2BA0F5D100017D46 /* Preview Assets.xcassets in Resources */ = {isa = PBXBuildFile; fileRef = 1183A61A2BA0F5D100017D46 /* Preview Assets.xcassets */; };
		1183A6292BA0F6D100017D46 /* TabBarView.swift in Sources */ = {isa = PBXBuildFile; fileRef = 1183A6282BA0F6D100017D46 /* TabBarView.swift */; };
		1183A62D2BA0F7FA00017D46 /* ExploreView.swift in Sources */ = {isa = PBXBuildFile; fileRef = 1183A62C2BA0F7FA00017D46 /* ExploreView.swift */; };
		1183A6302BA0F8C100017D46 /* ExploreViewModel.swift in Sources */ = {isa = PBXBuildFile; fileRef = 1183A62F2BA0F8C100017D46 /* ExploreViewModel.swift */; };
		1183A6322BA0F96B00017D46 /* User.swift in Sources */ = {isa = PBXBuildFile; fileRef = 1183A6312BA0F96B00017D46 /* User.swift */; };
		1183A6352BA0FAFE00017D46 /* UserRow.swift in Sources */ = {isa = PBXBuildFile; fileRef = 1183A6342BA0FAFE00017D46 /* UserRow.swift */; };
		1183A6382BA0FE1300017D46 /* ProfileView.swift in Sources */ = {isa = PBXBuildFile; fileRef = 1183A6372BA0FE1300017D46 /* ProfileView.swift */; };
		1183A63B2BA10EBF00017D46 /* Shimmering.swift in Sources */ = {isa = PBXBuildFile; fileRef = 1183A63A2BA10EBF00017D46 /* Shimmering.swift */; };
		1183A63D2BA11D7400017D46 /* RedactedAndShimmer.swift in Sources */ = {isa = PBXBuildFile; fileRef = 1183A63C2BA11D7400017D46 /* RedactedAndShimmer.swift */; };
		1183A63F2BA1A64900017D46 /* Post.swift in Sources */ = {isa = PBXBuildFile; fileRef = 1183A63E2BA1A64800017D46 /* Post.swift */; };
		1183A6442BA1A73200017D46 /* HomeView.swift in Sources */ = {isa = PBXBuildFile; fileRef = 1183A6432BA1A73200017D46 /* HomeView.swift */; };
		1183A6462BA1A74900017D46 /* HomeViewModel.swift in Sources */ = {isa = PBXBuildFile; fileRef = 1183A6452BA1A74900017D46 /* HomeViewModel.swift */; };
		1183A6492BA1A77200017D46 /* UserService.swift in Sources */ = {isa = PBXBuildFile; fileRef = 1183A6482BA1A77200017D46 /* UserService.swift */; };
		1183A64B2BA1A8A500017D46 /* PostService.swift in Sources */ = {isa = PBXBuildFile; fileRef = 1183A64A2BA1A8A500017D46 /* PostService.swift */; };
		1183A64D2BA1DD3B00017D46 /* PostRow.swift in Sources */ = {isa = PBXBuildFile; fileRef = 1183A64C2BA1DD3B00017D46 /* PostRow.swift */; };
		1183A64F2BA1DDAE00017D46 /* ProfileCircularImageView.swift in Sources */ = {isa = PBXBuildFile; fileRef = 1183A64E2BA1DDAE00017D46 /* ProfileCircularImageView.swift */; };
		1183A6522BA1DE5400017D46 /* Kingfisher in Frameworks */ = {isa = PBXBuildFile; productRef = 1183A6512BA1DE5400017D46 /* Kingfisher */; };
		1183A6552BA1E42D00017D46 /* PostView.swift in Sources */ = {isa = PBXBuildFile; fileRef = 1183A6542BA1E42D00017D46 /* PostView.swift */; };
		1183A6592BA1E76400017D46 /* PostViewModel.swift in Sources */ = {isa = PBXBuildFile; fileRef = 1183A6582BA1E76400017D46 /* PostViewModel.swift */; };
		1183A65B2BA1E7C500017D46 /* Comment.swift in Sources */ = {isa = PBXBuildFile; fileRef = 1183A65A2BA1E7C500017D46 /* Comment.swift */; };
		1183A65D2BA1E87000017D46 /* CommentRow.swift in Sources */ = {isa = PBXBuildFile; fileRef = 1183A65C2BA1E87000017D46 /* CommentRow.swift */; };
		1183A65F2BA1E88100017D46 /* CommentService.swift in Sources */ = {isa = PBXBuildFile; fileRef = 1183A65E2BA1E88100017D46 /* CommentService.swift */; };
/* End PBXBuildFile section */

/* Begin PBXFileReference section */
		1183A6102BA0F5CB00017D46 /* Snippet.app */ = {isa = PBXFileReference; explicitFileType = wrapper.application; includeInIndex = 0; path = Snippet.app; sourceTree = BUILT_PRODUCTS_DIR; };
		1183A6132BA0F5CC00017D46 /* SkeletonLoadApp.swift */ = {isa = PBXFileReference; lastKnownFileType = sourcecode.swift; path = SkeletonLoadApp.swift; sourceTree = "<group>"; };
		1183A6152BA0F5CC00017D46 /* ContentView.swift */ = {isa = PBXFileReference; lastKnownFileType = sourcecode.swift; path = ContentView.swift; sourceTree = "<group>"; };
		1183A6172BA0F5D100017D46 /* Assets.xcassets */ = {isa = PBXFileReference; lastKnownFileType = folder.assetcatalog; path = Assets.xcassets; sourceTree = "<group>"; };
		1183A61A2BA0F5D100017D46 /* Preview Assets.xcassets */ = {isa = PBXFileReference; lastKnownFileType = folder.assetcatalog; path = "Preview Assets.xcassets"; sourceTree = "<group>"; };
		1183A6282BA0F6D100017D46 /* TabBarView.swift */ = {isa = PBXFileReference; lastKnownFileType = sourcecode.swift; path = TabBarView.swift; sourceTree = "<group>"; };
		1183A62C2BA0F7FA00017D46 /* ExploreView.swift */ = {isa = PBXFileReference; lastKnownFileType = sourcecode.swift; path = ExploreView.swift; sourceTree = "<group>"; };
		1183A62F2BA0F8C100017D46 /* ExploreViewModel.swift */ = {isa = PBXFileReference; lastKnownFileType = sourcecode.swift; path = ExploreViewModel.swift; sourceTree = "<group>"; };
		1183A6312BA0F96B00017D46 /* User.swift */ = {isa = PBXFileReference; lastKnownFileType = sourcecode.swift; path = User.swift; sourceTree = "<group>"; };
		1183A6342BA0FAFE00017D46 /* UserRow.swift */ = {isa = PBXFileReference; lastKnownFileType = sourcecode.swift; path = UserRow.swift; sourceTree = "<group>"; };
		1183A6372BA0FE1300017D46 /* ProfileView.swift */ = {isa = PBXFileReference; lastKnownFileType = sourcecode.swift; path = ProfileView.swift; sourceTree = "<group>"; };
		1183A63A2BA10EBF00017D46 /* Shimmering.swift */ = {isa = PBXFileReference; lastKnownFileType = sourcecode.swift; path = Shimmering.swift; sourceTree = "<group>"; };
		1183A63C2BA11D7400017D46 /* RedactedAndShimmer.swift */ = {isa = PBXFileReference; lastKnownFileType = sourcecode.swift; path = RedactedAndShimmer.swift; sourceTree = "<group>"; };
		1183A63E2BA1A64800017D46 /* Post.swift */ = {isa = PBXFileReference; lastKnownFileType = sourcecode.swift; path = Post.swift; sourceTree = "<group>"; };
		1183A6432BA1A73200017D46 /* HomeView.swift */ = {isa = PBXFileReference; lastKnownFileType = sourcecode.swift; path = HomeView.swift; sourceTree = "<group>"; };
		1183A6452BA1A74900017D46 /* HomeViewModel.swift */ = {isa = PBXFileReference; lastKnownFileType = sourcecode.swift; path = HomeViewModel.swift; sourceTree = "<group>"; };
		1183A6482BA1A77200017D46 /* UserService.swift */ = {isa = PBXFileReference; lastKnownFileType = sourcecode.swift; path = UserService.swift; sourceTree = "<group>"; };
		1183A64A2BA1A8A500017D46 /* PostService.swift */ = {isa = PBXFileReference; lastKnownFileType = sourcecode.swift; path = PostService.swift; sourceTree = "<group>"; };
		1183A64C2BA1DD3B00017D46 /* PostRow.swift */ = {isa = PBXFileReference; lastKnownFileType = sourcecode.swift; path = PostRow.swift; sourceTree = "<group>"; };
		1183A64E2BA1DDAE00017D46 /* ProfileCircularImageView.swift */ = {isa = PBXFileReference; lastKnownFileType = sourcecode.swift; path = ProfileCircularImageView.swift; sourceTree = "<group>"; };
		1183A6542BA1E42D00017D46 /* PostView.swift */ = {isa = PBXFileReference; lastKnownFileType = sourcecode.swift; path = PostView.swift; sourceTree = "<group>"; };
		1183A6582BA1E76400017D46 /* PostViewModel.swift */ = {isa = PBXFileReference; lastKnownFileType = sourcecode.swift; path = PostViewModel.swift; sourceTree = "<group>"; };
		1183A65A2BA1E7C500017D46 /* Comment.swift */ = {isa = PBXFileReference; lastKnownFileType = sourcecode.swift; path = Comment.swift; sourceTree = "<group>"; };
		1183A65C2BA1E87000017D46 /* CommentRow.swift */ = {isa = PBXFileReference; lastKnownFileType = sourcecode.swift; path = CommentRow.swift; sourceTree = "<group>"; };
		1183A65E2BA1E88100017D46 /* CommentService.swift */ = {isa = PBXFileReference; lastKnownFileType = sourcecode.swift; path = CommentService.swift; sourceTree = "<group>"; };
/* End PBXFileReference section */

/* Begin PBXFrameworksBuildPhase section */
		1183A60D2BA0F5CB00017D46 /* Frameworks */ = {
			isa = PBXFrameworksBuildPhase;
			buildActionMask = 2147483647;
			files = (
				1183A6522BA1DE5400017D46 /* Kingfisher in Frameworks */,
			);
			runOnlyForDeploymentPostprocessing = 0;
		};
/* End PBXFrameworksBuildPhase section */

/* Begin PBXGroup section */
		1183A6072BA0F5CB00017D46 = {
			isa = PBXGroup;
			children = (
				1183A6122BA0F5CB00017D46 /* SkeletonLoad */,
				1183A6112BA0F5CB00017D46 /* Products */,
			);
			sourceTree = "<group>";
		};
		1183A6112BA0F5CB00017D46 /* Products */ = {
			isa = PBXGroup;
			children = (
				1183A6102BA0F5CB00017D46 /* Snippet.app */,
			);
			name = Products;
			sourceTree = "<group>";
		};
		1183A6122BA0F5CB00017D46 /* SkeletonLoad */ = {
			isa = PBXGroup;
			children = (
				1183A6212BA0F68000017D46 /* App */,
				1183A6232BA0F68600017D46 /* Core */,
				1183A6222BA0F68400017D46 /* Models */,
				1183A6472BA1A75F00017D46 /* Services */,
				1183A6392BA10EB100017D46 /* Extensions */,
				1183A6172BA0F5D100017D46 /* Assets.xcassets */,
				1183A6192BA0F5D100017D46 /* Preview Content */,
			);
			path = SkeletonLoad;
			sourceTree = "<group>";
		};
		1183A6192BA0F5D100017D46 /* Preview Content */ = {
			isa = PBXGroup;
			children = (
				1183A61A2BA0F5D100017D46 /* Preview Assets.xcassets */,
			);
			path = "Preview Content";
			sourceTree = "<group>";
		};
		1183A6212BA0F68000017D46 /* App */ = {
			isa = PBXGroup;
			children = (
				1183A6132BA0F5CC00017D46 /* SkeletonLoadApp.swift */,
			);
			path = App;
			sourceTree = "<group>";
		};
		1183A6222BA0F68400017D46 /* Models */ = {
			isa = PBXGroup;
			children = (
				1183A6312BA0F96B00017D46 /* User.swift */,
				1183A63E2BA1A64800017D46 /* Post.swift */,
				1183A65A2BA1E7C500017D46 /* Comment.swift */,
			);
			path = Models;
			sourceTree = "<group>";
		};
		1183A6232BA0F68600017D46 /* Core */ = {
			isa = PBXGroup;
			children = (
				1183A6332BA0FAF000017D46 /* Components */,
				1183A62A2BA0F7E700017D46 /* Explore */,
				1183A6252BA0F69B00017D46 /* Home */,
				1183A6242BA0F69A00017D46 /* Profile */,
				1183A6262BA0F69F00017D46 /* Root */,
				1183A6272BA0F6B200017D46 /* TabBar */,
			);
			path = Core;
			sourceTree = "<group>";
		};
		1183A6242BA0F69A00017D46 /* Profile */ = {
			isa = PBXGroup;
			children = (
				1183A6362BA0FE0700017D46 /* View */,
			);
			path = Profile;
			sourceTree = "<group>";
		};
		1183A6252BA0F69B00017D46 /* Home */ = {
			isa = PBXGroup;
			children = (
				1183A6532BA1E42300017D46 /* Post */,
				1183A6402BA1A71300017D46 /* View */,
				1183A6412BA1A71700017D46 /* ViewModel */,
			);
			path = Home;
			sourceTree = "<group>";
		};
		1183A6262BA0F69F00017D46 /* Root */ = {
			isa = PBXGroup;
			children = (
				1183A6152BA0F5CC00017D46 /* ContentView.swift */,
			);
			path = Root;
			sourceTree = "<group>";
		};
		1183A6272BA0F6B200017D46 /* TabBar */ = {
			isa = PBXGroup;
			children = (
				1183A6282BA0F6D100017D46 /* TabBarView.swift */,
			);
			path = TabBar;
			sourceTree = "<group>";
		};
		1183A62A2BA0F7E700017D46 /* Explore */ = {
			isa = PBXGroup;
			children = (
				1183A62B2BA0F7EE00017D46 /* View */,
				1183A62E2BA0F88D00017D46 /* ViewModel */,
			);
			path = Explore;
			sourceTree = "<group>";
		};
		1183A62B2BA0F7EE00017D46 /* View */ = {
			isa = PBXGroup;
			children = (
				1183A62C2BA0F7FA00017D46 /* ExploreView.swift */,
			);
			path = View;
			sourceTree = "<group>";
		};
		1183A62E2BA0F88D00017D46 /* ViewModel */ = {
			isa = PBXGroup;
			children = (
				1183A62F2BA0F8C100017D46 /* ExploreViewModel.swift */,
			);
			path = ViewModel;
			sourceTree = "<group>";
		};
		1183A6332BA0FAF000017D46 /* Components */ = {
			isa = PBXGroup;
			children = (
				1183A6342BA0FAFE00017D46 /* UserRow.swift */,
				1183A64C2BA1DD3B00017D46 /* PostRow.swift */,
				1183A64E2BA1DDAE00017D46 /* ProfileCircularImageView.swift */,
				1183A65C2BA1E87000017D46 /* CommentRow.swift */,
			);
			path = Components;
			sourceTree = "<group>";
		};
		1183A6362BA0FE0700017D46 /* View */ = {
			isa = PBXGroup;
			children = (
				1183A6372BA0FE1300017D46 /* ProfileView.swift */,
			);
			path = View;
			sourceTree = "<group>";
		};
		1183A6392BA10EB100017D46 /* Extensions */ = {
			isa = PBXGroup;
			children = (
				1183A63A2BA10EBF00017D46 /* Shimmering.swift */,
				1183A63C2BA11D7400017D46 /* RedactedAndShimmer.swift */,
			);
			path = Extensions;
			sourceTree = "<group>";
		};
		1183A6402BA1A71300017D46 /* View */ = {
			isa = PBXGroup;
			children = (
				1183A6432BA1A73200017D46 /* HomeView.swift */,
			);
			path = View;
			sourceTree = "<group>";
		};
		1183A6412BA1A71700017D46 /* ViewModel */ = {
			isa = PBXGroup;
			children = (
				1183A6452BA1A74900017D46 /* HomeViewModel.swift */,
			);
			path = ViewModel;
			sourceTree = "<group>";
		};
		1183A6472BA1A75F00017D46 /* Services */ = {
			isa = PBXGroup;
			children = (
				1183A6482BA1A77200017D46 /* UserService.swift */,
				1183A64A2BA1A8A500017D46 /* PostService.swift */,
				1183A65E2BA1E88100017D46 /* CommentService.swift */,
			);
			path = Services;
			sourceTree = "<group>";
		};
		1183A6532BA1E42300017D46 /* Post */ = {
			isa = PBXGroup;
			children = (
				1183A6572BA1E75600017D46 /* View */,
				1183A6562BA1E75100017D46 /* ViewModel */,
			);
			path = Post;
			sourceTree = "<group>";
		};
		1183A6562BA1E75100017D46 /* ViewModel */ = {
			isa = PBXGroup;
			children = (
				1183A6582BA1E76400017D46 /* PostViewModel.swift */,
			);
			path = ViewModel;
			sourceTree = "<group>";
		};
		1183A6572BA1E75600017D46 /* View */ = {
			isa = PBXGroup;
			children = (
				1183A6542BA1E42D00017D46 /* PostView.swift */,
			);
			path = View;
			sourceTree = "<group>";
		};
/* End PBXGroup section */

/* Begin PBXNativeTarget section */
		1183A60F2BA0F5CB00017D46 /* Snippet */ = {
			isa = PBXNativeTarget;
			buildConfigurationList = 1183A61E2BA0F5D100017D46 /* Build configuration list for PBXNativeTarget "Snippet" */;
			buildPhases = (
				1183A60C2BA0F5CB00017D46 /* Sources */,
				1183A60D2BA0F5CB00017D46 /* Frameworks */,
				1183A60E2BA0F5CB00017D46 /* Resources */,
			);
			buildRules = (
			);
			dependencies = (
			);
			name = Snippet;
			packageProductDependencies = (
				1183A6512BA1DE5400017D46 /* Kingfisher */,
			);
			productName = SkeletonLoad;
			productReference = 1183A6102BA0F5CB00017D46 /* Snippet.app */;
			productType = "com.apple.product-type.application";
		};
/* End PBXNativeTarget section */

/* Begin PBXProject section */
		1183A6082BA0F5CB00017D46 /* Project object */ = {
			isa = PBXProject;
			attributes = {
				BuildIndependentTargetsInParallel = 1;
				LastSwiftUpdateCheck = 1520;
				LastUpgradeCheck = 1520;
				TargetAttributes = {
					1183A60F2BA0F5CB00017D46 = {
						CreatedOnToolsVersion = 15.2;
					};
				};
			};
			buildConfigurationList = 1183A60B2BA0F5CB00017D46 /* Build configuration list for PBXProject "Snippet" */;
			compatibilityVersion = "Xcode 14.0";
			developmentRegion = en;
			hasScannedForEncodings = 0;
			knownRegions = (
				en,
				Base,
			);
			mainGroup = 1183A6072BA0F5CB00017D46;
			packageReferences = (
				1183A6502BA1DE5400017D46 /* XCRemoteSwiftPackageReference "Kingfisher" */,
			);
			productRefGroup = 1183A6112BA0F5CB00017D46 /* Products */;
			projectDirPath = "";
			projectRoot = "";
			targets = (
				1183A60F2BA0F5CB00017D46 /* Snippet */,
			);
		};
/* End PBXProject section */

/* Begin PBXResourcesBuildPhase section */
		1183A60E2BA0F5CB00017D46 /* Resources */ = {
			isa = PBXResourcesBuildPhase;
			buildActionMask = 2147483647;
			files = (
				1183A61B2BA0F5D100017D46 /* Preview Assets.xcassets in Resources */,
				1183A6182BA0F5D100017D46 /* Assets.xcassets in Resources */,
			);
			runOnlyForDeploymentPostprocessing = 0;
		};
/* End PBXResourcesBuildPhase section */

/* Begin PBXSourcesBuildPhase section */
		1183A60C2BA0F5CB00017D46 /* Sources */ = {
			isa = PBXSourcesBuildPhase;
			buildActionMask = 2147483647;
			files = (
				1183A6382BA0FE1300017D46 /* ProfileView.swift in Sources */,
				1183A63F2BA1A64900017D46 /* Post.swift in Sources */,
				1183A6492BA1A77200017D46 /* UserService.swift in Sources */,
				1183A6162BA0F5CC00017D46 /* ContentView.swift in Sources */,
				1183A63B2BA10EBF00017D46 /* Shimmering.swift in Sources */,
				1183A65D2BA1E87000017D46 /* CommentRow.swift in Sources */,
				1183A62D2BA0F7FA00017D46 /* ExploreView.swift in Sources */,
				1183A64D2BA1DD3B00017D46 /* PostRow.swift in Sources */,
				1183A6322BA0F96B00017D46 /* User.swift in Sources */,
				1183A6292BA0F6D100017D46 /* TabBarView.swift in Sources */,
				1183A6352BA0FAFE00017D46 /* UserRow.swift in Sources */,
				1183A6462BA1A74900017D46 /* HomeViewModel.swift in Sources */,
				1183A64F2BA1DDAE00017D46 /* ProfileCircularImageView.swift in Sources */,
				1183A64B2BA1A8A500017D46 /* PostService.swift in Sources */,
				1183A6302BA0F8C100017D46 /* ExploreViewModel.swift in Sources */,
				1183A6442BA1A73200017D46 /* HomeView.swift in Sources */,
				1183A65B2BA1E7C500017D46 /* Comment.swift in Sources */,
				1183A63D2BA11D7400017D46 /* RedactedAndShimmer.swift in Sources */,
				1183A6552BA1E42D00017D46 /* PostView.swift in Sources */,
				1183A65F2BA1E88100017D46 /* CommentService.swift in Sources */,
				1183A6142BA0F5CC00017D46 /* SkeletonLoadApp.swift in Sources */,
				1183A6592BA1E76400017D46 /* PostViewModel.swift in Sources */,
			);
			runOnlyForDeploymentPostprocessing = 0;
		};
/* End PBXSourcesBuildPhase section */

/* Begin XCBuildConfiguration section */
		1183A61C2BA0F5D100017D46 /* Debug */ = {
			isa = XCBuildConfiguration;
			buildSettings = {
				ALWAYS_SEARCH_USER_PATHS = NO;
				ASSETCATALOG_COMPILER_GENERATE_SWIFT_ASSET_SYMBOL_EXTENSIONS = YES;
				CLANG_ANALYZER_NONNULL = YES;
				CLANG_ANALYZER_NUMBER_OBJECT_CONVERSION = YES_AGGRESSIVE;
				CLANG_CXX_LANGUAGE_STANDARD = "gnu++20";
				CLANG_ENABLE_MODULES = YES;
				CLANG_ENABLE_OBJC_ARC = YES;
				CLANG_ENABLE_OBJC_WEAK = YES;
				CLANG_WARN_BLOCK_CAPTURE_AUTORELEASING = YES;
				CLANG_WARN_BOOL_CONVERSION = YES;
				CLANG_WARN_COMMA = YES;
				CLANG_WARN_CONSTANT_CONVERSION = YES;
				CLANG_WARN_DEPRECATED_OBJC_IMPLEMENTATIONS = YES;
				CLANG_WARN_DIRECT_OBJC_ISA_USAGE = YES_ERROR;
				CLANG_WARN_DOCUMENTATION_COMMENTS = YES;
				CLANG_WARN_EMPTY_BODY = YES;
				CLANG_WARN_ENUM_CONVERSION = YES;
				CLANG_WARN_INFINITE_RECURSION = YES;
				CLANG_WARN_INT_CONVERSION = YES;
				CLANG_WARN_NON_LITERAL_NULL_CONVERSION = YES;
				CLANG_WARN_OBJC_IMPLICIT_RETAIN_SELF = YES;
				CLANG_WARN_OBJC_LITERAL_CONVERSION = YES;
				CLANG_WARN_OBJC_ROOT_CLASS = YES_ERROR;
				CLANG_WARN_QUOTED_INCLUDE_IN_FRAMEWORK_HEADER = YES;
				CLANG_WARN_RANGE_LOOP_ANALYSIS = YES;
				CLANG_WARN_STRICT_PROTOTYPES = YES;
				CLANG_WARN_SUSPICIOUS_MOVE = YES;
				CLANG_WARN_UNGUARDED_AVAILABILITY = YES_AGGRESSIVE;
				CLANG_WARN_UNREACHABLE_CODE = YES;
				CLANG_WARN__DUPLICATE_METHOD_MATCH = YES;
				COPY_PHASE_STRIP = NO;
				DEBUG_INFORMATION_FORMAT = dwarf;
				ENABLE_STRICT_OBJC_MSGSEND = YES;
				ENABLE_TESTABILITY = YES;
				ENABLE_USER_SCRIPT_SANDBOXING = YES;
				GCC_C_LANGUAGE_STANDARD = gnu17;
				GCC_DYNAMIC_NO_PIC = NO;
				GCC_NO_COMMON_BLOCKS = YES;
				GCC_OPTIMIZATION_LEVEL = 0;
				GCC_PREPROCESSOR_DEFINITIONS = (
					"DEBUG=1",
					"$(inherited)",
				);
				GCC_WARN_64_TO_32_BIT_CONVERSION = YES;
				GCC_WARN_ABOUT_RETURN_TYPE = YES_ERROR;
				GCC_WARN_UNDECLARED_SELECTOR = YES;
				GCC_WARN_UNINITIALIZED_AUTOS = YES_AGGRESSIVE;
				GCC_WARN_UNUSED_FUNCTION = YES;
				GCC_WARN_UNUSED_VARIABLE = YES;
				IPHONEOS_DEPLOYMENT_TARGET = 17.2;
				LOCALIZATION_PREFERS_STRING_CATALOGS = YES;
				MTL_ENABLE_DEBUG_INFO = INCLUDE_SOURCE;
				MTL_FAST_MATH = YES;
				ONLY_ACTIVE_ARCH = YES;
				SDKROOT = iphoneos;
				SWIFT_ACTIVE_COMPILATION_CONDITIONS = "DEBUG $(inherited)";
				SWIFT_OPTIMIZATION_LEVEL = "-Onone";
			};
			name = Debug;
		};
		1183A61D2BA0F5D100017D46 /* Release */ = {
			isa = XCBuildConfiguration;
			buildSettings = {
				ALWAYS_SEARCH_USER_PATHS = NO;
				ASSETCATALOG_COMPILER_GENERATE_SWIFT_ASSET_SYMBOL_EXTENSIONS = YES;
				CLANG_ANALYZER_NONNULL = YES;
				CLANG_ANALYZER_NUMBER_OBJECT_CONVERSION = YES_AGGRESSIVE;
				CLANG_CXX_LANGUAGE_STANDARD = "gnu++20";
				CLANG_ENABLE_MODULES = YES;
				CLANG_ENABLE_OBJC_ARC = YES;
				CLANG_ENABLE_OBJC_WEAK = YES;
				CLANG_WARN_BLOCK_CAPTURE_AUTORELEASING = YES;
				CLANG_WARN_BOOL_CONVERSION = YES;
				CLANG_WARN_COMMA = YES;
				CLANG_WARN_CONSTANT_CONVERSION = YES;
				CLANG_WARN_DEPRECATED_OBJC_IMPLEMENTATIONS = YES;
				CLANG_WARN_DIRECT_OBJC_ISA_USAGE = YES_ERROR;
				CLANG_WARN_DOCUMENTATION_COMMENTS = YES;
				CLANG_WARN_EMPTY_BODY = YES;
				CLANG_WARN_ENUM_CONVERSION = YES;
				CLANG_WARN_INFINITE_RECURSION = YES;
				CLANG_WARN_INT_CONVERSION = YES;
				CLANG_WARN_NON_LITERAL_NULL_CONVERSION = YES;
				CLANG_WARN_OBJC_IMPLICIT_RETAIN_SELF = YES;
				CLANG_WARN_OBJC_LITERAL_CONVERSION = YES;
				CLANG_WARN_OBJC_ROOT_CLASS = YES_ERROR;
				CLANG_WARN_QUOTED_INCLUDE_IN_FRAMEWORK_HEADER = YES;
				CLANG_WARN_RANGE_LOOP_ANALYSIS = YES;
				CLANG_WARN_STRICT_PROTOTYPES = YES;
				CLANG_WARN_SUSPICIOUS_MOVE = YES;
				CLANG_WARN_UNGUARDED_AVAILABILITY = YES_AGGRESSIVE;
				CLANG_WARN_UNREACHABLE_CODE = YES;
				CLANG_WARN__DUPLICATE_METHOD_MATCH = YES;
				COPY_PHASE_STRIP = NO;
				DEBUG_INFORMATION_FORMAT = "dwarf-with-dsym";
				ENABLE_NS_ASSERTIONS = NO;
				ENABLE_STRICT_OBJC_MSGSEND = YES;
				ENABLE_USER_SCRIPT_SANDBOXING = YES;
				GCC_C_LANGUAGE_STANDARD = gnu17;
				GCC_NO_COMMON_BLOCKS = YES;
				GCC_WARN_64_TO_32_BIT_CONVERSION = YES;
				GCC_WARN_ABOUT_RETURN_TYPE = YES_ERROR;
				GCC_WARN_UNDECLARED_SELECTOR = YES;
				GCC_WARN_UNINITIALIZED_AUTOS = YES_AGGRESSIVE;
				GCC_WARN_UNUSED_FUNCTION = YES;
				GCC_WARN_UNUSED_VARIABLE = YES;
				IPHONEOS_DEPLOYMENT_TARGET = 17.2;
				LOCALIZATION_PREFERS_STRING_CATALOGS = YES;
				MTL_ENABLE_DEBUG_INFO = NO;
				MTL_FAST_MATH = YES;
				SDKROOT = iphoneos;
				SWIFT_COMPILATION_MODE = wholemodule;
				VALIDATE_PRODUCT = YES;
			};
			name = Release;
		};
		1183A61F2BA0F5D100017D46 /* Debug */ = {
			isa = XCBuildConfiguration;
			buildSettings = {
				ASSETCATALOG_COMPILER_APPICON_NAME = AppIcon;
				ASSETCATALOG_COMPILER_GLOBAL_ACCENT_COLOR_NAME = AccentColor;
				CODE_SIGN_STYLE = Automatic;
				CURRENT_PROJECT_VERSION = 1;
				DEVELOPMENT_ASSET_PATHS = "\"SkeletonLoad/Preview Content\"";
				DEVELOPMENT_TEAM = A9G232DS3W;
				ENABLE_PREVIEWS = YES;
				GENERATE_INFOPLIST_FILE = YES;
				INFOPLIST_KEY_UIApplicationSceneManifest_Generation = YES;
				INFOPLIST_KEY_UIApplicationSupportsIndirectInputEvents = YES;
				INFOPLIST_KEY_UILaunchScreen_Generation = YES;
				INFOPLIST_KEY_UISupportedInterfaceOrientations_iPad = "UIInterfaceOrientationPortrait UIInterfaceOrientationPortraitUpsideDown UIInterfaceOrientationLandscapeLeft UIInterfaceOrientationLandscapeRight";
				INFOPLIST_KEY_UISupportedInterfaceOrientations_iPhone = "UIInterfaceOrientationPortrait UIInterfaceOrientationLandscapeLeft UIInterfaceOrientationLandscapeRight";
				LD_RUNPATH_SEARCH_PATHS = (
					"$(inherited)",
					"@executable_path/Frameworks",
				);
				MARKETING_VERSION = 1.0;
				PRODUCT_BUNDLE_IDENTIFIER = com.dominikcsiszer.Snippet;
				PRODUCT_NAME = "$(TARGET_NAME)";
				SWIFT_EMIT_LOC_STRINGS = YES;
				SWIFT_VERSION = 5.0;
				TARGETED_DEVICE_FAMILY = "1,2";
			};
			name = Debug;
		};
		1183A6202BA0F5D100017D46 /* Release */ = {
			isa = XCBuildConfiguration;
			buildSettings = {
				ASSETCATALOG_COMPILER_APPICON_NAME = AppIcon;
				ASSETCATALOG_COMPILER_GLOBAL_ACCENT_COLOR_NAME = AccentColor;
				CODE_SIGN_STYLE = Automatic;
				CURRENT_PROJECT_VERSION = 1;
				DEVELOPMENT_ASSET_PATHS = "\"SkeletonLoad/Preview Content\"";
				DEVELOPMENT_TEAM = A9G232DS3W;
				ENABLE_PREVIEWS = YES;
				GENERATE_INFOPLIST_FILE = YES;
				INFOPLIST_KEY_UIApplicationSceneManifest_Generation = YES;
				INFOPLIST_KEY_UIApplicationSupportsIndirectInputEvents = YES;
				INFOPLIST_KEY_UILaunchScreen_Generation = YES;
				INFOPLIST_KEY_UISupportedInterfaceOrientations_iPad = "UIInterfaceOrientationPortrait UIInterfaceOrientationPortraitUpsideDown UIInterfaceOrientationLandscapeLeft UIInterfaceOrientationLandscapeRight";
				INFOPLIST_KEY_UISupportedInterfaceOrientations_iPhone = "UIInterfaceOrientationPortrait UIInterfaceOrientationLandscapeLeft UIInterfaceOrientationLandscapeRight";
				LD_RUNPATH_SEARCH_PATHS = (
					"$(inherited)",
					"@executable_path/Frameworks",
				);
				MARKETING_VERSION = 1.0;
				PRODUCT_BUNDLE_IDENTIFIER = com.dominikcsiszer.Snippet;
				PRODUCT_NAME = "$(TARGET_NAME)";
				SWIFT_EMIT_LOC_STRINGS = YES;
				SWIFT_VERSION = 5.0;
				TARGETED_DEVICE_FAMILY = "1,2";
			};
			name = Release;
		};
/* End XCBuildConfiguration section */

/* Begin XCConfigurationList section */
		1183A60B2BA0F5CB00017D46 /* Build configuration list for PBXProject "Snippet" */ = {
			isa = XCConfigurationList;
			buildConfigurations = (
				1183A61C2BA0F5D100017D46 /* Debug */,
				1183A61D2BA0F5D100017D46 /* Release */,
			);
			defaultConfigurationIsVisible = 0;
			defaultConfigurationName = Release;
		};
		1183A61E2BA0F5D100017D46 /* Build configuration list for PBXNativeTarget "Snippet" */ = {
			isa = XCConfigurationList;
			buildConfigurations = (
				1183A61F2BA0F5D100017D46 /* Debug */,
				1183A6202BA0F5D100017D46 /* Release */,
			);
			defaultConfigurationIsVisible = 0;
			defaultConfigurationName = Release;
		};
/* End XCConfigurationList section */

/* Begin XCRemoteSwiftPackageReference section */
		1183A6502BA1DE5400017D46 /* XCRemoteSwiftPackageReference "Kingfisher" */ = {
			isa = XCRemoteSwiftPackageReference;
			repositoryURL = "https://github.com/onevcat/Kingfisher.git";
			requirement = {
				kind = upToNextMajorVersion;
				minimumVersion = 7.11.0;
			};
		};
/* End XCRemoteSwiftPackageReference section */

/* Begin XCSwiftPackageProductDependency section */
		1183A6512BA1DE5400017D46 /* Kingfisher */ = {
			isa = XCSwiftPackageProductDependency;
			package = 1183A6502BA1DE5400017D46 /* XCRemoteSwiftPackageReference "Kingfisher" */;
			productName = Kingfisher;
		};
/* End XCSwiftPackageProductDependency section */
	};
	rootObject = 1183A6082BA0F5CB00017D46 /* Project object */;
}
